<?xml version="1.0" encoding="UTF-8" standalone="yes" ?>
<CodeBlocks_project_file>
	<FileVersion major="1" minor="6" />
	<Project>
		<Option title="ControllerTest" />
		<Option pch_mode="2" />
		<Option compiler="gcc" />
		<Build>
			<Target title="Debug">
				<Option output="ControllerTest" prefix_auto="1" extension_auto="1" />
				<Option object_output="obj/" />
				<Option type="1" />
				<Option compiler="gcc" />
				<Compiler>
					<Add option="-Wall" />
					<Add option="-g" />
				</Compiler>
			</Target>
		</Build>
		<Compiler>
			<Add option="-Wall" />
		</Compiler>
		<Unit filename="../Controller/Controller.ino" />
		<Unit filename="../Controller/date_time.h" />
		<Unit filename="../Controller/interconnect.h" />
		<Unit filename="../Controller/json_decoder.h" />
		<Unit filename="../Controller/main_arduino.h" />
		<Unit filename="../Controller/main_esp8266.h" />
		<Unit filename="../Controller/misc.h" />
		<Unit filename="../Controller/ring_buffer.h" />
		<Unit filename="../Controller/sensor_record.h" />
		<Unit filename="../Controller/server_address.h" />
		<Unit filename="../Controller/server_link.h" />
		<Unit filename="../Controller/settings.h" />
		<Unit filename="../Controller/state_flags.h" />
		<Unit filename="../Controller/timer.h" />
		<Unit filename="../Controller/wifi_helper.h" />
		<Unit filename="arduino_hardware_serial.h" />
		<Unit filename="arduino_pins.h" />
		<Unit filename="arduino_string.h" />
		<Unit filename="main.cpp" />
		<Unit filename="test_date_time.h" />
		<Unit filename="test_interconnect.h" />
		<Unit filename="test_json_decoder.h" />
		<Unit filename="test_misc.h" />
		<Unit filename="test_ring_buffer.h" />
		<Unit filename="test_sensor_record.h" />
		<Unit filename="test_server_address.h" />
		<Unit filename="test_state_flags.h" />
		<Unit filename="test_timer.h" />
		<Unit filename="unit_test.h" />
		<Extensions>
			<lib_finder disable_auto="1" />
		</Extensions>
	</Project>
</CodeBlocks_project_file>
