
Microsoft Visual Studio Solution File, Format Version 12.00
# Visual Studio Version 16
VisualStudioVersion = 16.0.31205.134
MinimumVisualStudioVersion = 10.0.40219.1
Project("{FAE04EC0-301F-11D3-BF4B-00C04F79EFBC}") = "WebApiPrototype", "WebApiPrototype\WebApiPrototype.csproj", "{471FA642-A513-4A23-93C5-11C947C26E6D}"
EndProject
Global
	GlobalSection(SolutionConfigurationPlatforms) = preSolution
		Debug|Any CPU = Debug|Any CPU
		Release|Any CPU = Release|Any CPU
	EndGlobalSection
	GlobalSection(ProjectConfigurationPlatforms) = postSolution
		{471FA642-A513-4A23-93C5-11C947C26E6D}.Debug|Any CPU.ActiveCfg = Debug|Any CPU
		{471FA642-A513-4A23-93C5-11C947C26E6D}.Debug|Any CPU.Build.0 = Debug|Any CPU
		{471FA642-A513-4A23-93C5-11C947C26E6D}.Release|Any CPU.ActiveCfg = Release|Any CPU
		{471FA642-A513-4A23-93C5-11C947C26E6D}.Release|Any CPU.Build.0 = Release|Any CPU
	EndGlobalSection
	GlobalSection(SolutionProperties) = preSolution
		HideSolutionNode = FALSE
	EndGlobalSection
	GlobalSection(ExtensibilityGlobals) = postSolution
		SolutionGuid = {64BE1F25-D851-45CE-929B-D1EDBB24CF6C}
	EndGlobalSection
EndGlobal
